
Microsoft Visual Studio Solution File, Format Version 12.00
# Visual Studio Version 17
VisualStudioVersion = 17.1.32328.378
MinimumVisualStudioVersion = 10.0.40219.1
Project("{2150E333-8FDC-42A3-9474-1A3956D46DE8}") = "Services", "Services", "{0194C884-2D0A-4A46-8E85-203EAE83556C}"
EndProject
Project("{2150E333-8FDC-42A3-9474-1A3956D46DE8}") = "Basket", "Basket", "{D1D5874A-14C9-4DF9-9C5C-7200F708AECC}"
EndProject
Project("{2150E333-8FDC-42A3-9474-1A3956D46DE8}") = "Catalog", "Catalog", "{07C14080-DD1A-4A56-A8A5-763BAAF2506A}"
EndProject
Project("{9A19103F-16F7-4668-BE54-9A1E7A4F7556}") = "Basket.API", "Basket.API\Basket.API.csproj", "{72B807DB-A4A2-4A96-A200-39C8C4F6E08A}"
EndProject
Project("{E53339B2-1760-4266-BCC7-CA923CBCF16C}") = "docker-compose", "docker-compose.dcproj", "{B68C2485-BD9E-400C-B26C-9D7D429B9972}"
EndProject
Project("{9A19103F-16F7-4668-BE54-9A1E7A4F7556}") = "Catalog.API", "Catalog.API\Catalog.API.csproj", "{6489740D-C936-4817-83AC-669A22078A9F}"
EndProject
Project("{2150E333-8FDC-42A3-9474-1A3956D46DE8}") = "Discount", "Discount", "{0CCFD81D-EBBA-4A23-AC16-3C2876049EB7}"
EndProject
Project("{9A19103F-16F7-4668-BE54-9A1E7A4F7556}") = "Discount.API", "Discount.API\Discount.API.csproj", "{51E77D38-432B-4074-A4DD-47173695C099}"
EndProject
Project("{9A19103F-16F7-4668-BE54-9A1E7A4F7556}") = "Discount.Grpc", "Discount.Grpc\Discount.Grpc.csproj", "{EAC70A0D-D1EF-4E4B-BAC8-9500FE73EADB}"
EndProject
Project("{2150E333-8FDC-42A3-9474-1A3956D46DE8}") = "Ordering", "Ordering", "{23CF2DAF-7E9D-4160-84AB-05FDE6537698}"
EndProject
Project("{9A19103F-16F7-4668-BE54-9A1E7A4F7556}") = "Ordering.API", "Ordering\Ordering.API\Ordering.API.csproj", "{1D12744A-8F4B-40A2-8811-8389C90674DB}"
EndProject
Project("{9A19103F-16F7-4668-BE54-9A1E7A4F7556}") = "Ordering.Application", "Ordering\Ordering.Application\Ordering.Application.csproj", "{8724DCF6-DE10-46D2-9CF9-0D2F643D8A07}"
EndProject
Project("{9A19103F-16F7-4668-BE54-9A1E7A4F7556}") = "Ordering.Infrastructure", "Ordering\Ordering.Infrastructure\Ordering.Infrastructure.csproj", "{21C94C77-11B0-407C-953F-93F2941FF77B}"
EndProject
Project("{9A19103F-16F7-4668-BE54-9A1E7A4F7556}") = "Ordering.Domain", "Ordering\Ordering.Domain\Ordering.Domain.csproj", "{7E1861BC-1ACE-449B-AA08-6D3B6357EF3D}"
EndProject
Project("{2150E333-8FDC-42A3-9474-1A3956D46DE8}") = "BuildingBlocks", "BuildingBlocks", "{689DEC7E-F5DD-4394-BB96-FE6B3395577D}"
EndProject
Project("{9A19103F-16F7-4668-BE54-9A1E7A4F7556}") = "EventBus.Messages", "BuildingBlocks\EventBus.Messages\EventBus.Messages.csproj", "{09AA1E26-E0B6-47D0-8C9B-003E76070B65}"
EndProject
Project("{2150E333-8FDC-42A3-9474-1A3956D46DE8}") = "ApiGateways", "ApiGateways", "{258DDA93-EF11-44B0-A1C8-DAB19FC1CD19}"
EndProject
Project("{FAE04EC0-301F-11D3-BF4B-00C04F79EFBC}") = "OcelotApiGW", "ApiGateways\OcelotApiGW\OcelotApiGW.csproj", "{AB413BE4-761B-462E-BFA3-F503D9A5E295}"
EndProject
Global
	GlobalSection(SolutionConfigurationPlatforms) = preSolution
		Debug|Any CPU = Debug|Any CPU
		Release|Any CPU = Release|Any CPU
	EndGlobalSection
	GlobalSection(ProjectConfigurationPlatforms) = postSolution
		{72B807DB-A4A2-4A96-A200-39C8C4F6E08A}.Debug|Any CPU.ActiveCfg = Debug|Any CPU
		{72B807DB-A4A2-4A96-A200-39C8C4F6E08A}.Debug|Any CPU.Build.0 = Debug|Any CPU
		{72B807DB-A4A2-4A96-A200-39C8C4F6E08A}.Release|Any CPU.ActiveCfg = Release|Any CPU
		{72B807DB-A4A2-4A96-A200-39C8C4F6E08A}.Release|Any CPU.Build.0 = Release|Any CPU
		{B68C2485-BD9E-400C-B26C-9D7D429B9972}.Debug|Any CPU.ActiveCfg = Debug|Any CPU
		{B68C2485-BD9E-400C-B26C-9D7D429B9972}.Debug|Any CPU.Build.0 = Debug|Any CPU
		{B68C2485-BD9E-400C-B26C-9D7D429B9972}.Release|Any CPU.ActiveCfg = Release|Any CPU
		{B68C2485-BD9E-400C-B26C-9D7D429B9972}.Release|Any CPU.Build.0 = Release|Any CPU
		{6489740D-C936-4817-83AC-669A22078A9F}.Debug|Any CPU.ActiveCfg = Debug|Any CPU
		{6489740D-C936-4817-83AC-669A22078A9F}.Debug|Any CPU.Build.0 = Debug|Any CPU
		{6489740D-C936-4817-83AC-669A22078A9F}.Release|Any CPU.ActiveCfg = Release|Any CPU
		{6489740D-C936-4817-83AC-669A22078A9F}.Release|Any CPU.Build.0 = Release|Any CPU
		{51E77D38-432B-4074-A4DD-47173695C099}.Debug|Any CPU.ActiveCfg = Debug|Any CPU
		{51E77D38-432B-4074-A4DD-47173695C099}.Debug|Any CPU.Build.0 = Debug|Any CPU
		{51E77D38-432B-4074-A4DD-47173695C099}.Release|Any CPU.ActiveCfg = Release|Any CPU
		{51E77D38-432B-4074-A4DD-47173695C099}.Release|Any CPU.Build.0 = Release|Any CPU
		{EAC70A0D-D1EF-4E4B-BAC8-9500FE73EADB}.Debug|Any CPU.ActiveCfg = Debug|Any CPU
		{EAC70A0D-D1EF-4E4B-BAC8-9500FE73EADB}.Debug|Any CPU.Build.0 = Debug|Any CPU
		{EAC70A0D-D1EF-4E4B-BAC8-9500FE73EADB}.Release|Any CPU.ActiveCfg = Release|Any CPU
		{EAC70A0D-D1EF-4E4B-BAC8-9500FE73EADB}.Release|Any CPU.Build.0 = Release|Any CPU
		{1D12744A-8F4B-40A2-8811-8389C90674DB}.Debug|Any CPU.ActiveCfg = Debug|Any CPU
		{1D12744A-8F4B-40A2-8811-8389C90674DB}.Debug|Any CPU.Build.0 = Debug|Any CPU
		{1D12744A-8F4B-40A2-8811-8389C90674DB}.Release|Any CPU.ActiveCfg = Release|Any CPU
		{1D12744A-8F4B-40A2-8811-8389C90674DB}.Release|Any CPU.Build.0 = Release|Any CPU
		{8724DCF6-DE10-46D2-9CF9-0D2F643D8A07}.Debug|Any CPU.ActiveCfg = Debug|Any CPU
		{8724DCF6-DE10-46D2-9CF9-0D2F643D8A07}.Debug|Any CPU.Build.0 = Debug|Any CPU
		{8724DCF6-DE10-46D2-9CF9-0D2F643D8A07}.Release|Any CPU.ActiveCfg = Release|Any CPU
		{8724DCF6-DE10-46D2-9CF9-0D2F643D8A07}.Release|Any CPU.Build.0 = Release|Any CPU
		{21C94C77-11B0-407C-953F-93F2941FF77B}.Debug|Any CPU.ActiveCfg = Debug|Any CPU
		{21C94C77-11B0-407C-953F-93F2941FF77B}.Debug|Any CPU.Build.0 = Debug|Any CPU
		{21C94C77-11B0-407C-953F-93F2941FF77B}.Release|Any CPU.ActiveCfg = Release|Any CPU
		{21C94C77-11B0-407C-953F-93F2941FF77B}.Release|Any CPU.Build.0 = Release|Any CPU
		{7E1861BC-1ACE-449B-AA08-6D3B6357EF3D}.Debug|Any CPU.ActiveCfg = Debug|Any CPU
		{7E1861BC-1ACE-449B-AA08-6D3B6357EF3D}.Debug|Any CPU.Build.0 = Debug|Any CPU
		{7E1861BC-1ACE-449B-AA08-6D3B6357EF3D}.Release|Any CPU.ActiveCfg = Release|Any CPU
		{7E1861BC-1ACE-449B-AA08-6D3B6357EF3D}.Release|Any CPU.Build.0 = Release|Any CPU
		{09AA1E26-E0B6-47D0-8C9B-003E76070B65}.Debug|Any CPU.ActiveCfg = Debug|Any CPU
		{09AA1E26-E0B6-47D0-8C9B-003E76070B65}.Debug|Any CPU.Build.0 = Debug|Any CPU
		{09AA1E26-E0B6-47D0-8C9B-003E76070B65}.Release|Any CPU.ActiveCfg = Release|Any CPU
		{09AA1E26-E0B6-47D0-8C9B-003E76070B65}.Release|Any CPU.Build.0 = Release|Any CPU
		{AB413BE4-761B-462E-BFA3-F503D9A5E295}.Debug|Any CPU.ActiveCfg = Debug|Any CPU
		{AB413BE4-761B-462E-BFA3-F503D9A5E295}.Debug|Any CPU.Build.0 = Debug|Any CPU
		{AB413BE4-761B-462E-BFA3-F503D9A5E295}.Release|Any CPU.ActiveCfg = Release|Any CPU
		{AB413BE4-761B-462E-BFA3-F503D9A5E295}.Release|Any CPU.Build.0 = Release|Any CPU
	EndGlobalSection
	GlobalSection(SolutionProperties) = preSolution
		HideSolutionNode = FALSE
	EndGlobalSection
	GlobalSection(NestedProjects) = preSolution
		{D1D5874A-14C9-4DF9-9C5C-7200F708AECC} = {0194C884-2D0A-4A46-8E85-203EAE83556C}
		{07C14080-DD1A-4A56-A8A5-763BAAF2506A} = {0194C884-2D0A-4A46-8E85-203EAE83556C}
		{72B807DB-A4A2-4A96-A200-39C8C4F6E08A} = {D1D5874A-14C9-4DF9-9C5C-7200F708AECC}
		{6489740D-C936-4817-83AC-669A22078A9F} = {07C14080-DD1A-4A56-A8A5-763BAAF2506A}
		{0CCFD81D-EBBA-4A23-AC16-3C2876049EB7} = {0194C884-2D0A-4A46-8E85-203EAE83556C}
		{51E77D38-432B-4074-A4DD-47173695C099} = {0CCFD81D-EBBA-4A23-AC16-3C2876049EB7}
		{EAC70A0D-D1EF-4E4B-BAC8-9500FE73EADB} = {0CCFD81D-EBBA-4A23-AC16-3C2876049EB7}
		{23CF2DAF-7E9D-4160-84AB-05FDE6537698} = {0194C884-2D0A-4A46-8E85-203EAE83556C}
		{1D12744A-8F4B-40A2-8811-8389C90674DB} = {23CF2DAF-7E9D-4160-84AB-05FDE6537698}
		{8724DCF6-DE10-46D2-9CF9-0D2F643D8A07} = {23CF2DAF-7E9D-4160-84AB-05FDE6537698}
		{21C94C77-11B0-407C-953F-93F2941FF77B} = {23CF2DAF-7E9D-4160-84AB-05FDE6537698}
		{7E1861BC-1ACE-449B-AA08-6D3B6357EF3D} = {23CF2DAF-7E9D-4160-84AB-05FDE6537698}
		{09AA1E26-E0B6-47D0-8C9B-003E76070B65} = {689DEC7E-F5DD-4394-BB96-FE6B3395577D}
		{AB413BE4-761B-462E-BFA3-F503D9A5E295} = {258DDA93-EF11-44B0-A1C8-DAB19FC1CD19}
	EndGlobalSection
	GlobalSection(ExtensibilityGlobals) = postSolution
		SolutionGuid = {D186F385-CD46-47C6-A3DA-0C8DC7DB1B3F}
	EndGlobalSection
EndGlobal
